
Microsoft Visual Studio Solution File, Format Version 12.00
Project("{2150E333-8FDC-42A3-9474-1A3956D46DE8}") = "src", "src", "{4B3A2902-BA79-447E-8514-4B4FED21C7E6}"
EndProject
Project("{2150E333-8FDC-42A3-9474-1A3956D46DE8}") = "ApiGateways", "ApiGateways", "{20AABC87-12E8-480E-8441-D67AB6998B09}"
EndProject
Project("{2150E333-8FDC-42A3-9474-1A3956D46DE8}") = "BuildingBlocks", "BuildingBlocks", "{0C11E06B-C395-476D-A78B-8B7802BA9837}"
EndProject
Project("{2150E333-8FDC-42A3-9474-1A3956D46DE8}") = "Clients", "Clients", "{6CAF9341-413F-4D24-BF7A-579548A5534F}"
EndProject
Project("{2150E333-8FDC-42A3-9474-1A3956D46DE8}") = "Services", "Services", "{61ADE9F6-A3F7-4F71-B038-24FC249F513C}"
EndProject
Project("{2150E333-8FDC-42A3-9474-1A3956D46DE8}") = "WebClientApiGateway", "WebClientApiGateway", "{A707EE2E-8C3C-4700-AF27-C53088ECAC1F}"
EndProject
Project("{FAE04EC0-301F-11D3-BF4B-00C04F79EFBC}") = "eCommerce.Web.ApiGateway", "src\ApiGateways\WebClientApiGateway\eCommerce.Web.ApiGateway\eCommerce.Web.ApiGateway.csproj", "{FF98981E-2889-407F-BB9E-637026780E82}"
EndProject
Project("{2150E333-8FDC-42A3-9474-1A3956D46DE8}") = "EventBuses", "EventBuses", "{EC7066F6-9830-4C16-B6C6-C520C97BB01F}"
EndProject
Project("{FAE04EC0-301F-11D3-BF4B-00C04F79EFBC}") = "eCommerce.EventBus.Base", "src\BuildingBlocks\EventBuses\eCommerce.EventBus.Base\eCommerce.EventBus.Base.csproj", "{FABD6FAA-7938-442C-9C47-6E1F2CB3CE48}"
EndProject
Project("{FAE04EC0-301F-11D3-BF4B-00C04F79EFBC}") = "eCommerce.EventBus.Factory", "src\BuildingBlocks\EventBuses\eCommerce.EventBus.Factory\eCommerce.EventBus.Factory.csproj", "{B2F042CC-42FD-4F68-898D-7015EC120EF6}"
EndProject
Project("{FAE04EC0-301F-11D3-BF4B-00C04F79EFBC}") = "eCommerce.EventBus.AzureServiceBus", "src\BuildingBlocks\EventBuses\eCommerce.EventBus.AzureServiceBus\eCommerce.EventBus.AzureServiceBus.csproj", "{ADCDF800-2403-4F2E-840C-29E5A79E9238}"
EndProject
Project("{FAE04EC0-301F-11D3-BF4B-00C04F79EFBC}") = "eCommerce.EventBus.RabbitMQ", "src\BuildingBlocks\EventBuses\eCommerce.EventBus.RabbitMQ\eCommerce.EventBus.RabbitMQ.csproj", "{10F30B09-5C5F-4EFA-A5DE-61BB56630158}"
EndProject
Project("{2150E333-8FDC-42A3-9474-1A3956D46DE8}") = "WebClient", "WebClient", "{2B8748D9-C611-457C-B00C-9822FFE8FD59}"
EndProject
Project("{FAE04EC0-301F-11D3-BF4B-00C04F79EFBC}") = "eCommerce.Blazor.WebUI", "src\Clients\WebClient\eCommerce.Blazor.WebUI\eCommerce.Blazor.WebUI.csproj", "{6F4F1A0D-B3CF-4942-8CF5-EEA0803014E2}"
EndProject
Project("{2150E333-8FDC-42A3-9474-1A3956D46DE8}") = "BasketService", "BasketService", "{E018ED6E-C7FF-46B0-91E2-A76AE816BDFA}"
EndProject
Project("{FAE04EC0-301F-11D3-BF4B-00C04F79EFBC}") = "eCommerce.BasketService.Api", "src\Services\BasketService\eCommerce.BasketService.Api\eCommerce.BasketService.Api.csproj", "{C72029B5-5FFA-4A8F-A4E8-1606CD502D4C}"
EndProject
Project("{2150E333-8FDC-42A3-9474-1A3956D46DE8}") = "CatalogService", "CatalogService", "{9701F21F-27B2-4EB7-B520-61DA0E5A8AC4}"
EndProject
Project("{FAE04EC0-301F-11D3-BF4B-00C04F79EFBC}") = "eCommerce.CatalogService.Api", "src\Services\CatalogService\eCommerce.CatalogService.Api\eCommerce.CatalogService.Api.csproj", "{B0011E98-D767-468A-A873-8581C430141E}"
EndProject
Project("{2150E333-8FDC-42A3-9474-1A3956D46DE8}") = "IdentityService", "IdentityService", "{01C83D33-AD84-44FA-8C87-DF11737D170A}"
EndProject
Project("{FAE04EC0-301F-11D3-BF4B-00C04F79EFBC}") = "eCommerce.IdentityService.Api", "src\Services\IdentityService\eCommerce.IdentityService.Api\eCommerce.IdentityService.Api.csproj", "{5E325A16-8DBA-43E8-A648-FCF1ACD65A41}"
EndProject
Project("{2150E333-8FDC-42A3-9474-1A3956D46DE8}") = "NotificationService", "NotificationService", "{AF3172D7-0C11-4D27-A796-3454F593EF92}"
EndProject
Project("{FAE04EC0-301F-11D3-BF4B-00C04F79EFBC}") = "eCommerce.NotificationService.Console", "src\Services\NotificationService\eCommerce.NotificationService.Console\eCommerce.NotificationService.Console.csproj", "{44CE4669-4D91-4D8C-A75B-101A728AC3FB}"
EndProject
Project("{2150E333-8FDC-42A3-9474-1A3956D46DE8}") = "PaymentService", "PaymentService", "{BF0C67FC-82FE-4882-8950-CEFA8A6A933D}"
EndProject
Project("{FAE04EC0-301F-11D3-BF4B-00C04F79EFBC}") = "eCommerce.PaymentService.Api", "src\Services\PaymentService\eCommerce.PaymentService.Api\eCommerce.PaymentService.Api.csproj", "{EBE28631-375F-4484-804C-201AA00B84EC}"
EndProject
Project("{2150E333-8FDC-42A3-9474-1A3956D46DE8}") = "OrderService", "OrderService", "{881AD987-2D3B-428E-8B1B-86556A7621BC}"
EndProject
Project("{2150E333-8FDC-42A3-9474-1A3956D46DE8}") = "Core", "Core", "{9A25E0AA-0FF3-426D-A8C1-DC097A9A23B9}"
EndProject
Project("{2150E333-8FDC-42A3-9474-1A3956D46DE8}") = "Infrastructure", "Infrastructure", "{0C2DD971-156C-4661-8CEE-887BCC0B2557}"
EndProject
Project("{2150E333-8FDC-42A3-9474-1A3956D46DE8}") = "Presentation", "Presentation", "{841254B7-16A7-4C9E-A347-0F9250A8B26E}"
EndProject
Project("{FAE04EC0-301F-11D3-BF4B-00C04F79EFBC}") = "eCommerce.OrderService.Domain", "src\Services\OrderService\Core\eCommerce.OrderService.Domain\eCommerce.OrderService.Domain.csproj", "{F98CE126-24EC-47BA-9757-5BD722692057}"
EndProject
Project("{FAE04EC0-301F-11D3-BF4B-00C04F79EFBC}") = "eCommerce.OrderService.Application", "src\Services\OrderService\Core\eCommerce.OrderService.Application\eCommerce.OrderService.Application.csproj", "{F1569C17-D0AD-473A-AC2B-CA2FC251C5A1}"
EndProject
Project("{FAE04EC0-301F-11D3-BF4B-00C04F79EFBC}") = "eCommerce.OrderService.Infrastructure", "src\Services\OrderService\Infrastructure\eCommerce.OrderService.Infrastructure\eCommerce.OrderService.Infrastructure.csproj", "{CFD0E724-6506-4A03-864A-EF3A944010C7}"
EndProject
Project("{FAE04EC0-301F-11D3-BF4B-00C04F79EFBC}") = "eCommerce.OrderService.Api", "src\Services\OrderService\Presentation\eCommerce.OrderService.Api\eCommerce.OrderService.Api.csproj", "{901916C9-9C40-4482-9E8B-DC945950547B}"
EndProject
Global
	GlobalSection(SolutionConfigurationPlatforms) = preSolution
		Debug|Any CPU = Debug|Any CPU
		Release|Any CPU = Release|Any CPU
	EndGlobalSection
	GlobalSection(NestedProjects) = preSolution
		{20AABC87-12E8-480E-8441-D67AB6998B09} = {4B3A2902-BA79-447E-8514-4B4FED21C7E6}
		{0C11E06B-C395-476D-A78B-8B7802BA9837} = {4B3A2902-BA79-447E-8514-4B4FED21C7E6}
		{6CAF9341-413F-4D24-BF7A-579548A5534F} = {4B3A2902-BA79-447E-8514-4B4FED21C7E6}
		{61ADE9F6-A3F7-4F71-B038-24FC249F513C} = {4B3A2902-BA79-447E-8514-4B4FED21C7E6}
		{A707EE2E-8C3C-4700-AF27-C53088ECAC1F} = {20AABC87-12E8-480E-8441-D67AB6998B09}
		{FF98981E-2889-407F-BB9E-637026780E82} = {A707EE2E-8C3C-4700-AF27-C53088ECAC1F}
		{EC7066F6-9830-4C16-B6C6-C520C97BB01F} = {0C11E06B-C395-476D-A78B-8B7802BA9837}
		{FABD6FAA-7938-442C-9C47-6E1F2CB3CE48} = {EC7066F6-9830-4C16-B6C6-C520C97BB01F}
		{B2F042CC-42FD-4F68-898D-7015EC120EF6} = {EC7066F6-9830-4C16-B6C6-C520C97BB01F}
		{ADCDF800-2403-4F2E-840C-29E5A79E9238} = {EC7066F6-9830-4C16-B6C6-C520C97BB01F}
		{10F30B09-5C5F-4EFA-A5DE-61BB56630158} = {EC7066F6-9830-4C16-B6C6-C520C97BB01F}
		{2B8748D9-C611-457C-B00C-9822FFE8FD59} = {6CAF9341-413F-4D24-BF7A-579548A5534F}
		{6F4F1A0D-B3CF-4942-8CF5-EEA0803014E2} = {2B8748D9-C611-457C-B00C-9822FFE8FD59}
		{E018ED6E-C7FF-46B0-91E2-A76AE816BDFA} = {61ADE9F6-A3F7-4F71-B038-24FC249F513C}
		{C72029B5-5FFA-4A8F-A4E8-1606CD502D4C} = {E018ED6E-C7FF-46B0-91E2-A76AE816BDFA}
		{9701F21F-27B2-4EB7-B520-61DA0E5A8AC4} = {61ADE9F6-A3F7-4F71-B038-24FC249F513C}
		{B0011E98-D767-468A-A873-8581C430141E} = {9701F21F-27B2-4EB7-B520-61DA0E5A8AC4}
		{01C83D33-AD84-44FA-8C87-DF11737D170A} = {61ADE9F6-A3F7-4F71-B038-24FC249F513C}
		{5E325A16-8DBA-43E8-A648-FCF1ACD65A41} = {01C83D33-AD84-44FA-8C87-DF11737D170A}
		{AF3172D7-0C11-4D27-A796-3454F593EF92} = {61ADE9F6-A3F7-4F71-B038-24FC249F513C}
		{44CE4669-4D91-4D8C-A75B-101A728AC3FB} = {AF3172D7-0C11-4D27-A796-3454F593EF92}
		{BF0C67FC-82FE-4882-8950-CEFA8A6A933D} = {61ADE9F6-A3F7-4F71-B038-24FC249F513C}
		{EBE28631-375F-4484-804C-201AA00B84EC} = {BF0C67FC-82FE-4882-8950-CEFA8A6A933D}
		{881AD987-2D3B-428E-8B1B-86556A7621BC} = {61ADE9F6-A3F7-4F71-B038-24FC249F513C}
		{9A25E0AA-0FF3-426D-A8C1-DC097A9A23B9} = {881AD987-2D3B-428E-8B1B-86556A7621BC}
		{0C2DD971-156C-4661-8CEE-887BCC0B2557} = {881AD987-2D3B-428E-8B1B-86556A7621BC}
		{841254B7-16A7-4C9E-A347-0F9250A8B26E} = {881AD987-2D3B-428E-8B1B-86556A7621BC}
		{F98CE126-24EC-47BA-9757-5BD722692057} = {9A25E0AA-0FF3-426D-A8C1-DC097A9A23B9}
		{F1569C17-D0AD-473A-AC2B-CA2FC251C5A1} = {9A25E0AA-0FF3-426D-A8C1-DC097A9A23B9}
		{CFD0E724-6506-4A03-864A-EF3A944010C7} = {0C2DD971-156C-4661-8CEE-887BCC0B2557}
		{901916C9-9C40-4482-9E8B-DC945950547B} = {841254B7-16A7-4C9E-A347-0F9250A8B26E}
	EndGlobalSection
	GlobalSection(ProjectConfigurationPlatforms) = postSolution
		{FF98981E-2889-407F-BB9E-637026780E82}.Debug|Any CPU.ActiveCfg = Debug|Any CPU
		{FF98981E-2889-407F-BB9E-637026780E82}.Debug|Any CPU.Build.0 = Debug|Any CPU
		{FF98981E-2889-407F-BB9E-637026780E82}.Release|Any CPU.ActiveCfg = Release|Any CPU
		{FF98981E-2889-407F-BB9E-637026780E82}.Release|Any CPU.Build.0 = Release|Any CPU
		{FABD6FAA-7938-442C-9C47-6E1F2CB3CE48}.Debug|Any CPU.ActiveCfg = Debug|Any CPU
		{FABD6FAA-7938-442C-9C47-6E1F2CB3CE48}.Debug|Any CPU.Build.0 = Debug|Any CPU
		{FABD6FAA-7938-442C-9C47-6E1F2CB3CE48}.Release|Any CPU.ActiveCfg = Release|Any CPU
		{FABD6FAA-7938-442C-9C47-6E1F2CB3CE48}.Release|Any CPU.Build.0 = Release|Any CPU
		{B2F042CC-42FD-4F68-898D-7015EC120EF6}.Debug|Any CPU.ActiveCfg = Debug|Any CPU
		{B2F042CC-42FD-4F68-898D-7015EC120EF6}.Debug|Any CPU.Build.0 = Debug|Any CPU
		{B2F042CC-42FD-4F68-898D-7015EC120EF6}.Release|Any CPU.ActiveCfg = Release|Any CPU
		{B2F042CC-42FD-4F68-898D-7015EC120EF6}.Release|Any CPU.Build.0 = Release|Any CPU
		{ADCDF800-2403-4F2E-840C-29E5A79E9238}.Debug|Any CPU.ActiveCfg = Debug|Any CPU
		{ADCDF800-2403-4F2E-840C-29E5A79E9238}.Debug|Any CPU.Build.0 = Debug|Any CPU
		{ADCDF800-2403-4F2E-840C-29E5A79E9238}.Release|Any CPU.ActiveCfg = Release|Any CPU
		{ADCDF800-2403-4F2E-840C-29E5A79E9238}.Release|Any CPU.Build.0 = Release|Any CPU
		{10F30B09-5C5F-4EFA-A5DE-61BB56630158}.Debug|Any CPU.ActiveCfg = Debug|Any CPU
		{10F30B09-5C5F-4EFA-A5DE-61BB56630158}.Debug|Any CPU.Build.0 = Debug|Any CPU
		{10F30B09-5C5F-4EFA-A5DE-61BB56630158}.Release|Any CPU.ActiveCfg = Release|Any CPU
		{10F30B09-5C5F-4EFA-A5DE-61BB56630158}.Release|Any CPU.Build.0 = Release|Any CPU
		{6F4F1A0D-B3CF-4942-8CF5-EEA0803014E2}.Debug|Any CPU.ActiveCfg = Debug|Any CPU
		{6F4F1A0D-B3CF-4942-8CF5-EEA0803014E2}.Debug|Any CPU.Build.0 = Debug|Any CPU
		{6F4F1A0D-B3CF-4942-8CF5-EEA0803014E2}.Release|Any CPU.ActiveCfg = Release|Any CPU
		{6F4F1A0D-B3CF-4942-8CF5-EEA0803014E2}.Release|Any CPU.Build.0 = Release|Any CPU
		{C72029B5-5FFA-4A8F-A4E8-1606CD502D4C}.Debug|Any CPU.ActiveCfg = Debug|Any CPU
		{C72029B5-5FFA-4A8F-A4E8-1606CD502D4C}.Debug|Any CPU.Build.0 = Debug|Any CPU
		{C72029B5-5FFA-4A8F-A4E8-1606CD502D4C}.Release|Any CPU.ActiveCfg = Release|Any CPU
		{C72029B5-5FFA-4A8F-A4E8-1606CD502D4C}.Release|Any CPU.Build.0 = Release|Any CPU
		{B0011E98-D767-468A-A873-8581C430141E}.Debug|Any CPU.ActiveCfg = Debug|Any CPU
		{B0011E98-D767-468A-A873-8581C430141E}.Debug|Any CPU.Build.0 = Debug|Any CPU
		{B0011E98-D767-468A-A873-8581C430141E}.Release|Any CPU.ActiveCfg = Release|Any CPU
		{B0011E98-D767-468A-A873-8581C430141E}.Release|Any CPU.Build.0 = Release|Any CPU
		{5E325A16-8DBA-43E8-A648-FCF1ACD65A41}.Debug|Any CPU.ActiveCfg = Debug|Any CPU
		{5E325A16-8DBA-43E8-A648-FCF1ACD65A41}.Debug|Any CPU.Build.0 = Debug|Any CPU
		{5E325A16-8DBA-43E8-A648-FCF1ACD65A41}.Release|Any CPU.ActiveCfg = Release|Any CPU
		{5E325A16-8DBA-43E8-A648-FCF1ACD65A41}.Release|Any CPU.Build.0 = Release|Any CPU
		{44CE4669-4D91-4D8C-A75B-101A728AC3FB}.Debug|Any CPU.ActiveCfg = Debug|Any CPU
		{44CE4669-4D91-4D8C-A75B-101A728AC3FB}.Debug|Any CPU.Build.0 = Debug|Any CPU
		{44CE4669-4D91-4D8C-A75B-101A728AC3FB}.Release|Any CPU.ActiveCfg = Release|Any CPU
		{44CE4669-4D91-4D8C-A75B-101A728AC3FB}.Release|Any CPU.Build.0 = Release|Any CPU
		{EBE28631-375F-4484-804C-201AA00B84EC}.Debug|Any CPU.ActiveCfg = Debug|Any CPU
		{EBE28631-375F-4484-804C-201AA00B84EC}.Debug|Any CPU.Build.0 = Debug|Any CPU
		{EBE28631-375F-4484-804C-201AA00B84EC}.Release|Any CPU.ActiveCfg = Release|Any CPU
		{EBE28631-375F-4484-804C-201AA00B84EC}.Release|Any CPU.Build.0 = Release|Any CPU
		{F98CE126-24EC-47BA-9757-5BD722692057}.Debug|Any CPU.ActiveCfg = Debug|Any CPU
		{F98CE126-24EC-47BA-9757-5BD722692057}.Debug|Any CPU.Build.0 = Debug|Any CPU
		{F98CE126-24EC-47BA-9757-5BD722692057}.Release|Any CPU.ActiveCfg = Release|Any CPU
		{F98CE126-24EC-47BA-9757-5BD722692057}.Release|Any CPU.Build.0 = Release|Any CPU
		{F1569C17-D0AD-473A-AC2B-CA2FC251C5A1}.Debug|Any CPU.ActiveCfg = Debug|Any CPU
		{F1569C17-D0AD-473A-AC2B-CA2FC251C5A1}.Debug|Any CPU.Build.0 = Debug|Any CPU
		{F1569C17-D0AD-473A-AC2B-CA2FC251C5A1}.Release|Any CPU.ActiveCfg = Release|Any CPU
		{F1569C17-D0AD-473A-AC2B-CA2FC251C5A1}.Release|Any CPU.Build.0 = Release|Any CPU
		{CFD0E724-6506-4A03-864A-EF3A944010C7}.Debug|Any CPU.ActiveCfg = Debug|Any CPU
		{CFD0E724-6506-4A03-864A-EF3A944010C7}.Debug|Any CPU.Build.0 = Debug|Any CPU
		{CFD0E724-6506-4A03-864A-EF3A944010C7}.Release|Any CPU.ActiveCfg = Release|Any CPU
		{CFD0E724-6506-4A03-864A-EF3A944010C7}.Release|Any CPU.Build.0 = Release|Any CPU
		{901916C9-9C40-4482-9E8B-DC945950547B}.Debug|Any CPU.ActiveCfg = Debug|Any CPU
		{901916C9-9C40-4482-9E8B-DC945950547B}.Debug|Any CPU.Build.0 = Debug|Any CPU
		{901916C9-9C40-4482-9E8B-DC945950547B}.Release|Any CPU.ActiveCfg = Release|Any CPU
		{901916C9-9C40-4482-9E8B-DC945950547B}.Release|Any CPU.Build.0 = Release|Any CPU
	EndGlobalSection
EndGlobal
